{
  "version": 4,
  "terraform_version": "1.1.2",
  "serial": 2,
  "lineage": "6de4c76d-14e2-c5d0-68c0-16b075962c90",
  "outputs": {},
  "resources": [
    {
      "mode": "managed",
      "type": "oci_database_db_system",
      "name": "export_DB001003",
      "provider": "provider[\"registry.terraform.io/hashicorp/oci\"]",
      "instances": [
        {
          "schema_version": 0,
          "attributes": {
            "availability_domain": "HHnh:AP-MUMBAI-1-AD-1",
            "backup_network_nsg_ids": null,
            "backup_subnet_id": null,
            "cluster_name": null,
            "compartment_id": "ocid1.compartment.oc1..aaaaaaaasxt7qjw3yierco4ecyhu4spa54zdsuxo7x4q64o67xdbh4k6tzva",
            "cpu_core_count": 2,
            "data_storage_percentage": 80,
            "data_storage_size_in_gb": 256,
            "database_edition": "ENTERPRISE_EDITION_HIGH_PERFORMANCE",
            "db_home": [
              {
                "create_async": false,
                "database": [
                  {
                    "admin_password": "",
                    "backup_id": "",
                    "backup_tde_password": "",
                    "character_set": "AL32UTF8",
                    "connection_strings": [
                      {
                        "all_connection_strings": {
                          "cdbDefault": "db001003.sub12220604390.dbvcn1.oraclevcn.com:1521/DB001003_DB001003.sub12220604390.dbvcn1.oraclevcn.com",
                          "cdbIpDefault": "(DESCRIPTION=(CONNECT_TIMEOUT=5)(TRANSPORT_CONNECT_TIMEOUT=3)(RETRY_COUNT=3)(ADDRESS_LIST=(LOAD_BALANCE=on)(ADDRESS=(PROTOCOL=TCP)(HOST=10.0.0.32)(PORT=1521)))(CONNECT_DATA=(SERVICE_NAME=DB001003_DB001003.sub12220604390.dbvcn1.oraclevcn.com)))"
                        },
                        "cdb_default": "db001003.sub12220604390.dbvcn1.oraclevcn.com:1521/DB001003_DB001003.sub12220604390.dbvcn1.oraclevcn.com",
                        "cdb_ip_default": "(DESCRIPTION=(CONNECT_TIMEOUT=5)(TRANSPORT_CONNECT_TIMEOUT=3)(RETRY_COUNT=3)(ADDRESS_LIST=(LOAD_BALANCE=on)(ADDRESS=(PROTOCOL=TCP)(HOST=10.0.0.32)(PORT=1521)))(CONNECT_DATA=(SERVICE_NAME=DB001003_DB001003.sub12220604390.dbvcn1.oraclevcn.com)))"
                      }
                    ],
                    "database_id": "",
                    "database_software_image_id": "",
                    "db_backup_config": [
                      {
                        "auto_backup_enabled": false,
                        "auto_backup_window": "",
                        "backup_destination_details": [],
                        "recovery_window_in_days": 0
                      }
                    ],
                    "db_domain": "",
                    "db_name": "DB001003",
                    "db_unique_name": "DB001003_DB001003",
                    "db_workload": "OLTP",
                    "defined_tags": {
                      "Oracle-Tags.CreatedBy": "sureshanair@gmail.com",
                      "Oracle-Tags.CreatedOn": "2021-12-22T15:54:17.515Z"
                    },
                    "freeform_tags": {},
                    "id": "ocid1.database.oc1.ap-mumbai-1.anrg6ljr4twgpnaalto23gx563y5qzgg34ysy6oqeuu2tnzt7rcj3sjeaska",
                    "lifecycle_details": "",
                    "ncharacter_set": "AL16UTF16",
                    "pdb_name": "",
                    "state": "AVAILABLE",
                    "tde_wallet_password": "",
                    "time_created": "2021-12-22 15:54:18.005 +0000 UTC",
                    "time_stamp_for_point_in_time_recovery": ""
                  }
                ],
                "database_software_image_id": "",
                "db_home_location": "/u01/app/oracle/product/19.0.0.0/dbhome_1",
                "db_version": "19.12.0.0.0",
                "defined_tags": {},
                "display_name": "dbhome20211222155418",
                "freeform_tags": {},
                "id": "ocid1.dbhome.oc1.ap-mumbai-1.anrg6ljrnhdk3daacgddhkc7kfomr3swqf6atslo37zuja62wbrrgupwwmfq",
                "last_patch_history_entry_id": "",
                "lifecycle_details": "",
                "state": "AVAILABLE",
                "time_created": "2021-12-22 15:54:18.004 +0000 UTC"
              }
            ],
            "db_system_options": [
              {
                "storage_management": "ASM"
              }
            ],
            "defined_tags": {
              "Oracle-Tags.CreatedBy": "sureshanair@gmail.com",
              "Oracle-Tags.CreatedOn": "2021-12-22T15:54:16.552Z"
            },
            "disk_redundancy": "HIGH",
            "display_name": "DB001003",
            "domain": "sub12220604390.dbvcn1.oraclevcn.com",
            "fault_domains": [
              "FAULT-DOMAIN-1"
            ],
            "freeform_tags": {},
            "hostname": "db001003",
            "id": "ocid1.dbsystem.oc1.ap-mumbai-1.anrg6ljr4twgpnaa45yt44btbtxvfgsrslbnkimovu5hi37qqaw2xcphm2da",
            "iorm_config_cache": [],
            "kms_key_id": null,
            "kms_key_version_id": null,
            "last_maintenance_run_id": null,
            "last_patch_history_entry_id": null,
            "license_model": "LICENSE_INCLUDED",
            "lifecycle_details": null,
            "listener_port": 1521,
            "maintenance_window": [],
            "maintenance_window_details": [],
            "next_maintenance_run_id": null,
            "node_count": 1,
            "nsg_ids": null,
            "point_in_time_data_disk_clone_timestamp": null,
            "private_ip": null,
            "reco_storage_size_in_gb": 256,
            "scan_dns_name": "db001003-scan.sub12220604390.dbvcn1.oraclevcn.com",
            "scan_dns_record_id": "ocid1.vcndnsrecord.oc1.ap-mumbai-1.abrg6ljrwnvgurriuayqzcwuzxhpfawawbdw7zoqdianthtxohswjbwmiaeq",
            "scan_ip_ids": [],
            "shape": "VM.Standard2.2",
            "source": "NONE",
            "source_db_system_id": null,
            "sparse_diskgroup": null,
            "ssh_public_keys": [
              "ssh-rsa AAAAB3NzaC1yc2EAAAADAQABAAABAQC9Kqy2B+0gEx4sPslc9/6bYFcNUo4FQOil83Rn/ikOr8W+r5TTDpmz1rzj15fjAFkg1XxWjgT/fRh1CwDT+JbzkDaCO0ws5U3Pr8T4Gt38JFehPZ9WkysB4PkrZsaY0Ac0jnEa+yh2j2k0au2lJfoOZtxYu8n82kugRRSVyrO8vkGMHI6xIAExjC77tuAREOj760PIT8s+URyx5joEH+NJ6cTR8oBNv5iyYmz1O1aD1tbVYXqQHU6pWntYhE5yIK0B+lOpUNHHYEOclR3c0wVxkoJjBHzIp4U/LCrmX9NR9Du6L9b1JDMhg4KxGoRIujUyht4VkoeGJg0G+VCQm61t rsa-key-20211222"
            ],
            "state": "AVAILABLE",
            "subnet_id": "ocid1.subnet.oc1.ap-mumbai-1.aaaaaaaaigrv6xfpnkpd3p76lqnyvkm66v3kfwcwhz7h23kehxgowchkopka",
            "time_created": "2021-12-22 15:54:18 +0000 UTC",
            "time_zone": "UTC",
            "timeouts": {
              "create": null,
              "delete": null,
              "update": null
            },
            "version": "19.12.0.0.0",
            "vip_ids": [],
            "zone_id": "ocid1.dns-zone.oc1.ap-mumbai-1.aaaaaaaamy2qmjcegv3vrzkifhxuifhr7b6g465sjlmbbqeuf7jqshxkrekq"
          },
          "sensitive_attributes": [],
          "private": "eyJlMmJmYjczMC1lY2FhLTExZTYtOGY4OC0zNDM2M2JjN2M0YzAiOnsiY3JlYXRlIjo3MjAwMDAwMDAwMDAwLCJkZWxldGUiOjcyMDAwMDAwMDAwMDAsInVwZGF0ZSI6NzIwMDAwMDAwMDAwMH0sInNjaGVtYV92ZXJzaW9uIjoiMCJ9"
        }
      ]
    },
    {
      "mode": "managed",
      "type": "oci_database_pluggable_database",
      "name": "export_pluggable_database_1",
      "provider": "provider[\"registry.terraform.io/hashicorp/oci\"]",
      "instances": [
        {
          "schema_version": 0,
          "attributes": {
            "compartment_id": "ocid1.compartment.oc1..aaaaaaaasxt7qjw3yierco4ecyhu4spa54zdsuxo7x4q64o67xdbh4k6tzva",
            "connection_strings": [
              {
                "all_connection_strings": {
                  "pdbDefault": "db001003.sub12220604390.dbvcn1.oraclevcn.com:1521/DB001003_pdb1.sub12220604390.dbvcn1.oraclevcn.com",
                  "pdbIpDefault": "(DESCRIPTION=(CONNECT_TIMEOUT=5)(TRANSPORT_CONNECT_TIMEOUT=3)(RETRY_COUNT=3)(ADDRESS_LIST=(LOAD_BALANCE=on)(ADDRESS=(PROTOCOL=TCP)(HOST=10.0.0.32)(PORT=1521)))(CONNECT_DATA=(SERVICE_NAME=DB001003_pdb1.sub12220604390.dbvcn1.oraclevcn.com)))"
                },
                "pdb_default": "db001003.sub12220604390.dbvcn1.oraclevcn.com:1521/DB001003_pdb1.sub12220604390.dbvcn1.oraclevcn.com",
                "pdb_ip_default": "(DESCRIPTION=(CONNECT_TIMEOUT=5)(TRANSPORT_CONNECT_TIMEOUT=3)(RETRY_COUNT=3)(ADDRESS_LIST=(LOAD_BALANCE=on)(ADDRESS=(PROTOCOL=TCP)(HOST=10.0.0.32)(PORT=1521)))(CONNECT_DATA=(SERVICE_NAME=DB001003_pdb1.sub12220604390.dbvcn1.oraclevcn.com)))"
              }
            ],
            "container_database_id": "ocid1.database.oc1.ap-mumbai-1.anrg6ljr4twgpnaalto23gx563y5qzgg34ysy6oqeuu2tnzt7rcj3sjeaska",
            "defined_tags": {},
            "freeform_tags": {},
            "id": "ocid1.pluggabledatabase.oc1.ap-mumbai-1.anrg6ljr4twgpnaa4jlrprqr5ryou6bblv2zgpnalp7x3lzuyclhwknmsxla",
            "is_restricted": null,
            "lifecycle_details": null,
            "open_mode": "READ_WRITE",
            "pdb_admin_password": null,
            "pdb_name": "DB001003_pdb1",
            "should_pdb_admin_account_be_locked": null,
            "state": "AVAILABLE",
            "tde_wallet_password": null,
            "time_created": "2021-12-22 16:06:09.133 +0000 UTC",
            "timeouts": {
              "create": null,
              "delete": null,
              "update": null
            }
          },
          "sensitive_attributes": [],
          "private": "eyJlMmJmYjczMC1lY2FhLTExZTYtOGY4OC0zNDM2M2JjN2M0YzAiOnsiY3JlYXRlIjoxMjAwMDAwMDAwMDAwLCJkZWxldGUiOjEyMDAwMDAwMDAwMDAsInVwZGF0ZSI6MTIwMDAwMDAwMDAwMH0sInNjaGVtYV92ZXJzaW9uIjoiMCJ9"
        }
      ]
    }
  ]
}
